github.com/google/go-cmp v0.6.0 h1:ofyhxvXcZhMsU5ulbFiLKl/XBFqE1GSq7atu8tAmTRI=
github.com/gorilla/websocket v1.4.1 h1:q7AeDBpnBk8AogcD4DSag/Ukw/KV+YhzLj2bP5HvKCM=
golang.org/x/exp/event v0.0.0-20220217172124-1812c5b45e43 h1:Yn6OLQDombmcne/0Jf2GiY4qPS5ML2W4KYFyx2uYxGY=
golang.org/x/exp/jsonrpc2 v0.0.0-20250506013437-ce4c2cf36ca6 h1:A5B/lsJeRTSnFRQ/vPa+6TZnBZtQbaVyDAlaaAbn1CE=
golang.org/x/xerrors v0.0.0-20200804184101-5ec99f83aff1 h1:go1bK/D/BFZV2I8cIQd1NKEZ+0owSTG1fDTci4IqFcE=
